
Microsoft Visual Studio Solution File, Format Version 12.00
# Visual Studio Version 16
VisualStudioVersion = 16.0.29318.209
MinimumVisualStudioVersion = 10.0.40219.1
Project("{FAE04EC0-301F-11D3-BF4B-00C04F79EFBC}") = "QuanLyTuyenSinh", "QuanLyTuyenSinh\QuanLyTuyenSinh.csproj", "{49794699-AC1E-46DB-B4D2-73571A1ADB63}"
EndProject
Global
	GlobalSection(SolutionConfigurationPlatforms) = preSolution
		Debug|Any CPU = Debug|Any CPU
		Release|Any CPU = Release|Any CPU
	EndGlobalSection
	GlobalSection(ProjectConfigurationPlatforms) = postSolution
		{49794699-AC1E-46DB-B4D2-73571A1ADB63}.Debug|Any CPU.ActiveCfg = Debug|Any CPU
		{49794699-AC1E-46DB-B4D2-73571A1ADB63}.Debug|Any CPU.Build.0 = Debug|Any CPU
		{49794699-AC1E-46DB-B4D2-73571A1ADB63}.Release|Any CPU.ActiveCfg = Release|Any CPU
		{49794699-AC1E-46DB-B4D2-73571A1ADB63}.Release|Any CPU.Build.0 = Release|Any CPU
	EndGlobalSection
	GlobalSection(SolutionProperties) = preSolution
		HideSolutionNode = FALSE
	EndGlobalSection
	GlobalSection(ExtensibilityGlobals) = postSolution
		SolutionGuid = {BE604AE7-7C2C-40A1-8609-4FBFC3AAE8C4}
	EndGlobalSection
EndGlobal
